
Microsoft Visual Studio Solution File, Format Version 11.00
# Visual Studio 2010
Project("{FAE04EC0-301F-11D3-BF4B-00C04F79EFBC}") = "Quartz.IoC", "Quartz.IoC\Quartz.IoC.csproj", "{A9F9329B-1F98-4795-A13F-316EFCC8DCC2}"
EndProject
Project("{FAE04EC0-301F-11D3-BF4B-00C04F79EFBC}") = "Quartz.IoC.ConsoleApp", "Quartz.IoC.ConsoleApp\Quartz.IoC.ConsoleApp.csproj", "{548B0518-B2BF-41D5-A8D8-4A1271435D88}"
EndProject
Global
	GlobalSection(SolutionConfigurationPlatforms) = preSolution
		Debug|Any CPU = Debug|Any CPU
		Debug|Mixed Platforms = Debug|Mixed Platforms
		Debug|x86 = Debug|x86
		Release|Any CPU = Release|Any CPU
		Release|Mixed Platforms = Release|Mixed Platforms
		Release|x86 = Release|x86
	EndGlobalSection
	GlobalSection(ProjectConfigurationPlatforms) = postSolution
		{A9F9329B-1F98-4795-A13F-316EFCC8DCC2}.Debug|Any CPU.ActiveCfg = Debug|Any CPU
		{A9F9329B-1F98-4795-A13F-316EFCC8DCC2}.Debug|Any CPU.Build.0 = Debug|Any CPU
		{A9F9329B-1F98-4795-A13F-316EFCC8DCC2}.Debug|Mixed Platforms.ActiveCfg = Debug|Any CPU
		{A9F9329B-1F98-4795-A13F-316EFCC8DCC2}.Debug|Mixed Platforms.Build.0 = Debug|Any CPU
		{A9F9329B-1F98-4795-A13F-316EFCC8DCC2}.Debug|x86.ActiveCfg = Debug|Any CPU
		{A9F9329B-1F98-4795-A13F-316EFCC8DCC2}.Release|Any CPU.ActiveCfg = Release|Any CPU
		{A9F9329B-1F98-4795-A13F-316EFCC8DCC2}.Release|Any CPU.Build.0 = Release|Any CPU
		{A9F9329B-1F98-4795-A13F-316EFCC8DCC2}.Release|Mixed Platforms.ActiveCfg = Release|Any CPU
		{A9F9329B-1F98-4795-A13F-316EFCC8DCC2}.Release|Mixed Platforms.Build.0 = Release|Any CPU
		{A9F9329B-1F98-4795-A13F-316EFCC8DCC2}.Release|x86.ActiveCfg = Release|Any CPU
		{548B0518-B2BF-41D5-A8D8-4A1271435D88}.Debug|Any CPU.ActiveCfg = Debug|x86
		{548B0518-B2BF-41D5-A8D8-4A1271435D88}.Debug|Mixed Platforms.ActiveCfg = Debug|x86
		{548B0518-B2BF-41D5-A8D8-4A1271435D88}.Debug|Mixed Platforms.Build.0 = Debug|x86
		{548B0518-B2BF-41D5-A8D8-4A1271435D88}.Debug|x86.ActiveCfg = Debug|x86
		{548B0518-B2BF-41D5-A8D8-4A1271435D88}.Debug|x86.Build.0 = Debug|x86
		{548B0518-B2BF-41D5-A8D8-4A1271435D88}.Release|Any CPU.ActiveCfg = Release|x86
		{548B0518-B2BF-41D5-A8D8-4A1271435D88}.Release|Mixed Platforms.ActiveCfg = Release|x86
		{548B0518-B2BF-41D5-A8D8-4A1271435D88}.Release|Mixed Platforms.Build.0 = Release|x86
		{548B0518-B2BF-41D5-A8D8-4A1271435D88}.Release|x86.ActiveCfg = Release|x86
		{548B0518-B2BF-41D5-A8D8-4A1271435D88}.Release|x86.Build.0 = Release|x86
	EndGlobalSection
	GlobalSection(SolutionProperties) = preSolution
		HideSolutionNode = FALSE
	EndGlobalSection
EndGlobal
